
Microsoft Visual Studio Solution File, Format Version 12.00
# Visual Studio 15
VisualStudioVersion = 15.0.27004.2002
MinimumVisualStudioVersion = 10.0.40219.1
Project("{FAE04EC0-301F-11D3-BF4B-00C04F79EFBC}") = "Snake Game", "Snake Game\Snake Game.csproj", "{68F05599-4561-42A6-8D37-0343EFC79E96}"
EndProject
Global
	GlobalSection(SolutionConfigurationPlatforms) = preSolution
		Debug|Any CPU = Debug|Any CPU
		Release|Any CPU = Release|Any CPU
	EndGlobalSection
	GlobalSection(ProjectConfigurationPlatforms) = postSolution
		{68F05599-4561-42A6-8D37-0343EFC79E96}.Debug|Any CPU.ActiveCfg = Debug|Any CPU
		{68F05599-4561-42A6-8D37-0343EFC79E96}.Debug|Any CPU.Build.0 = Debug|Any CPU
		{68F05599-4561-42A6-8D37-0343EFC79E96}.Release|Any CPU.ActiveCfg = Release|Any CPU
		{68F05599-4561-42A6-8D37-0343EFC79E96}.Release|Any CPU.Build.0 = Release|Any CPU
	EndGlobalSection
	GlobalSection(SolutionProperties) = preSolution
		HideSolutionNode = FALSE
	EndGlobalSection
	GlobalSection(ExtensibilityGlobals) = postSolution
		SolutionGuid = {4F9B2723-45D0-49FF-9E48-46581F81582A}
	EndGlobalSection
EndGlobal
